
Microsoft Visual Studio Solution File, Format Version 12.00
# Visual Studio Version 16
VisualStudioVersion = 16.0.32510.428
MinimumVisualStudioVersion = 10.0.40219.1
Project("{FAE04EC0-301F-11D3-BF4B-00C04F79EFBC}") = "sublicreacr.Datos", "sublicreacr.Datos\sublicreacr.Datos.csproj", "{090E143E-6923-4508-A603-23318FA90C80}"
EndProject
Project("{FAE04EC0-301F-11D3-BF4B-00C04F79EFBC}") = "sublicreacr.Negocio", "sublicreacr.Negocio\sublicreacr.Negocio.csproj", "{D550CFB9-DA44-4ECB-B741-C3B586616AF7}"
EndProject
Global
	GlobalSection(SolutionConfigurationPlatforms) = preSolution
		Debug|Any CPU = Debug|Any CPU
		Release|Any CPU = Release|Any CPU
	EndGlobalSection
	GlobalSection(ProjectConfigurationPlatforms) = postSolution
		{090E143E-6923-4508-A603-23318FA90C80}.Debug|Any CPU.ActiveCfg = Debug|Any CPU
		{090E143E-6923-4508-A603-23318FA90C80}.Debug|Any CPU.Build.0 = Debug|Any CPU
		{090E143E-6923-4508-A603-23318FA90C80}.Release|Any CPU.ActiveCfg = Release|Any CPU
		{090E143E-6923-4508-A603-23318FA90C80}.Release|Any CPU.Build.0 = Release|Any CPU
		{D550CFB9-DA44-4ECB-B741-C3B586616AF7}.Debug|Any CPU.ActiveCfg = Debug|Any CPU
		{D550CFB9-DA44-4ECB-B741-C3B586616AF7}.Debug|Any CPU.Build.0 = Debug|Any CPU
		{D550CFB9-DA44-4ECB-B741-C3B586616AF7}.Release|Any CPU.ActiveCfg = Release|Any CPU
		{D550CFB9-DA44-4ECB-B741-C3B586616AF7}.Release|Any CPU.Build.0 = Release|Any CPU
	EndGlobalSection
	GlobalSection(SolutionProperties) = preSolution
		HideSolutionNode = FALSE
	EndGlobalSection
	GlobalSection(ExtensibilityGlobals) = postSolution
		SolutionGuid = {CC39F141-B122-45B6-AA65-B14A36227599}
	EndGlobalSection
EndGlobal
